
Microsoft Visual Studio Solution File, Format Version 12.00
# Visual Studio Version 17
VisualStudioVersion = 17.7.34031.279
MinimumVisualStudioVersion = 10.0.40219.1
Project("{FAE04EC0-301F-11D3-BF4B-00C04F79EFBC}") = "Ejercicio2Calculadora", "Ejercicio2Calculadora.csproj", "{B62BE903-FF4A-4076-AB67-A2BB815AD493}"
EndProject
Global
	GlobalSection(SolutionConfigurationPlatforms) = preSolution
		Debug|Any CPU = Debug|Any CPU
		Release|Any CPU = Release|Any CPU
	EndGlobalSection
	GlobalSection(ProjectConfigurationPlatforms) = postSolution
		{B62BE903-FF4A-4076-AB67-A2BB815AD493}.Debug|Any CPU.ActiveCfg = Debug|Any CPU
		{B62BE903-FF4A-4076-AB67-A2BB815AD493}.Debug|Any CPU.Build.0 = Debug|Any CPU
		{B62BE903-FF4A-4076-AB67-A2BB815AD493}.Release|Any CPU.ActiveCfg = Release|Any CPU
		{B62BE903-FF4A-4076-AB67-A2BB815AD493}.Release|Any CPU.Build.0 = Release|Any CPU
	EndGlobalSection
	GlobalSection(SolutionProperties) = preSolution
		HideSolutionNode = FALSE
	EndGlobalSection
	GlobalSection(ExtensibilityGlobals) = postSolution
		SolutionGuid = {22644F32-DBAB-43C1-A1E1-F9B28E456366}
	EndGlobalSection
EndGlobal
